
Microsoft Visual Studio Solution File, Format Version 12.00
# Visual Studio 15
VisualStudioVersion = 15.0.26730.10
MinimumVisualStudioVersion = 10.0.40219.1
Project("{FAE04EC0-301F-11D3-BF4B-00C04F79EFBC}") = "Impossible Game", "Impossible Game\Impossible Game.csproj", "{3ABFFE0F-E10C-43DD-BC73-91E4E4DC13D3}"
EndProject
Global
	GlobalSection(SolutionConfigurationPlatforms) = preSolution
		Debug|Any CPU = Debug|Any CPU
		Release|Any CPU = Release|Any CPU
	EndGlobalSection
	GlobalSection(ProjectConfigurationPlatforms) = postSolution
		{3ABFFE0F-E10C-43DD-BC73-91E4E4DC13D3}.Debug|Any CPU.ActiveCfg = Debug|Any CPU
		{3ABFFE0F-E10C-43DD-BC73-91E4E4DC13D3}.Debug|Any CPU.Build.0 = Debug|Any CPU
		{3ABFFE0F-E10C-43DD-BC73-91E4E4DC13D3}.Release|Any CPU.ActiveCfg = Release|Any CPU
		{3ABFFE0F-E10C-43DD-BC73-91E4E4DC13D3}.Release|Any CPU.Build.0 = Release|Any CPU
	EndGlobalSection
	GlobalSection(SolutionProperties) = preSolution
		HideSolutionNode = FALSE
	EndGlobalSection
	GlobalSection(ExtensibilityGlobals) = postSolution
		SolutionGuid = {FF2A4A14-A9A0-4142-BF6F-A7F3BBBCC96D}
	EndGlobalSection
EndGlobal
